
Microsoft Visual Studio Solution File, Format Version 12.00
# Visual Studio Version 16
VisualStudioVersion = 16.0.29926.136
MinimumVisualStudioVersion = 10.0.40219.1
Project("{FAE04EC0-301F-11D3-BF4B-00C04F79EFBC}") = "Default Discord Bot", "Default Discord Bot\Default Discord Bot.csproj", "{37F3DABA-3793-4A47-B7F7-0230B768E4D9}"
EndProject
Global
	GlobalSection(SolutionConfigurationPlatforms) = preSolution
		Debug|Any CPU = Debug|Any CPU
		Release|Any CPU = Release|Any CPU
	EndGlobalSection
	GlobalSection(ProjectConfigurationPlatforms) = postSolution
		{37F3DABA-3793-4A47-B7F7-0230B768E4D9}.Debug|Any CPU.ActiveCfg = Debug|Any CPU
		{37F3DABA-3793-4A47-B7F7-0230B768E4D9}.Debug|Any CPU.Build.0 = Debug|Any CPU
		{37F3DABA-3793-4A47-B7F7-0230B768E4D9}.Release|Any CPU.ActiveCfg = Release|Any CPU
		{37F3DABA-3793-4A47-B7F7-0230B768E4D9}.Release|Any CPU.Build.0 = Release|Any CPU
	EndGlobalSection
	GlobalSection(SolutionProperties) = preSolution
		HideSolutionNode = FALSE
	EndGlobalSection
	GlobalSection(ExtensibilityGlobals) = postSolution
		SolutionGuid = {D9D18478-2362-42CE-B1BE-6098E0DD10BC}
	EndGlobalSection
EndGlobal
